
Microsoft Visual Studio Solution File, Format Version 12.00
# Visual Studio Version 17
VisualStudioVersion = 17.7.34003.232
MinimumVisualStudioVersion = 10.0.40219.1
Project("{FAE04EC0-301F-11D3-BF4B-00C04F79EFBC}") = "Nim", "Nim\Nim.csproj", "{B8768EF9-012B-4D2F-8519-687FCB54526A}"
EndProject
Global
	GlobalSection(SolutionConfigurationPlatforms) = preSolution
		Debug|Any CPU = Debug|Any CPU
		Release|Any CPU = Release|Any CPU
	EndGlobalSection
	GlobalSection(ProjectConfigurationPlatforms) = postSolution
		{B8768EF9-012B-4D2F-8519-687FCB54526A}.Debug|Any CPU.ActiveCfg = Debug|Any CPU
		{B8768EF9-012B-4D2F-8519-687FCB54526A}.Debug|Any CPU.Build.0 = Debug|Any CPU
		{B8768EF9-012B-4D2F-8519-687FCB54526A}.Release|Any CPU.ActiveCfg = Release|Any CPU
		{B8768EF9-012B-4D2F-8519-687FCB54526A}.Release|Any CPU.Build.0 = Release|Any CPU
	EndGlobalSection
	GlobalSection(SolutionProperties) = preSolution
		HideSolutionNode = FALSE
	EndGlobalSection
	GlobalSection(ExtensibilityGlobals) = postSolution
		SolutionGuid = {77B9D5C3-94C5-48B7-8D21-0C8C2109D8D4}
	EndGlobalSection
EndGlobal
