
Microsoft Visual Studio Solution File, Format Version 12.00
# Visual Studio Version 17
VisualStudioVersion = 17.7.34003.232
MinimumVisualStudioVersion = 10.0.40219.1
Project("{FAE04EC0-301F-11D3-BF4B-00C04F79EFBC}") = "American flag with loops", "American flag with loops\American flag with loops.csproj", "{278ACE8C-A390-42A7-A8C3-E6B64ED91711}"
EndProject
Global
	GlobalSection(SolutionConfigurationPlatforms) = preSolution
		Debug|Any CPU = Debug|Any CPU
		Release|Any CPU = Release|Any CPU
	EndGlobalSection
	GlobalSection(ProjectConfigurationPlatforms) = postSolution
		{278ACE8C-A390-42A7-A8C3-E6B64ED91711}.Debug|Any CPU.ActiveCfg = Debug|Any CPU
		{278ACE8C-A390-42A7-A8C3-E6B64ED91711}.Debug|Any CPU.Build.0 = Debug|Any CPU
		{278ACE8C-A390-42A7-A8C3-E6B64ED91711}.Release|Any CPU.ActiveCfg = Release|Any CPU
		{278ACE8C-A390-42A7-A8C3-E6B64ED91711}.Release|Any CPU.Build.0 = Release|Any CPU
	EndGlobalSection
	GlobalSection(SolutionProperties) = preSolution
		HideSolutionNode = FALSE
	EndGlobalSection
	GlobalSection(ExtensibilityGlobals) = postSolution
		SolutionGuid = {9FD7AC04-A554-4612-A7AC-2CFB693DA145}
	EndGlobalSection
EndGlobal
