
Microsoft Visual Studio Solution File, Format Version 12.00
# Visual Studio Version 17
VisualStudioVersion = 17.7.34003.232
MinimumVisualStudioVersion = 10.0.40219.1
Project("{FAE04EC0-301F-11D3-BF4B-00C04F79EFBC}") = "Mozart", "Mozart\Mozart.csproj", "{B4CE8E43-D951-4FBE-81E1-E0DB7A0787D4}"
EndProject
Global
	GlobalSection(SolutionConfigurationPlatforms) = preSolution
		Debug|Any CPU = Debug|Any CPU
		Release|Any CPU = Release|Any CPU
	EndGlobalSection
	GlobalSection(ProjectConfigurationPlatforms) = postSolution
		{B4CE8E43-D951-4FBE-81E1-E0DB7A0787D4}.Debug|Any CPU.ActiveCfg = Debug|Any CPU
		{B4CE8E43-D951-4FBE-81E1-E0DB7A0787D4}.Debug|Any CPU.Build.0 = Debug|Any CPU
		{B4CE8E43-D951-4FBE-81E1-E0DB7A0787D4}.Release|Any CPU.ActiveCfg = Release|Any CPU
		{B4CE8E43-D951-4FBE-81E1-E0DB7A0787D4}.Release|Any CPU.Build.0 = Release|Any CPU
	EndGlobalSection
	GlobalSection(SolutionProperties) = preSolution
		HideSolutionNode = FALSE
	EndGlobalSection
	GlobalSection(ExtensibilityGlobals) = postSolution
		SolutionGuid = {65CD0647-F0D4-476A-A794-287FFD2124FE}
	EndGlobalSection
EndGlobal
