
Microsoft Visual Studio Solution File, Format Version 12.00
# Visual Studio Version 17
VisualStudioVersion = 17.7.34003.232
MinimumVisualStudioVersion = 10.0.40219.1
Project("{FAE04EC0-301F-11D3-BF4B-00C04F79EFBC}") = "Zoo", "Zoo\Zoo.csproj", "{B7293B2A-E19C-416F-9651-1528DF85243C}"
EndProject
Global
	GlobalSection(SolutionConfigurationPlatforms) = preSolution
		Debug|Any CPU = Debug|Any CPU
		Release|Any CPU = Release|Any CPU
	EndGlobalSection
	GlobalSection(ProjectConfigurationPlatforms) = postSolution
		{B7293B2A-E19C-416F-9651-1528DF85243C}.Debug|Any CPU.ActiveCfg = Debug|Any CPU
		{B7293B2A-E19C-416F-9651-1528DF85243C}.Debug|Any CPU.Build.0 = Debug|Any CPU
		{B7293B2A-E19C-416F-9651-1528DF85243C}.Release|Any CPU.ActiveCfg = Release|Any CPU
		{B7293B2A-E19C-416F-9651-1528DF85243C}.Release|Any CPU.Build.0 = Release|Any CPU
	EndGlobalSection
	GlobalSection(SolutionProperties) = preSolution
		HideSolutionNode = FALSE
	EndGlobalSection
	GlobalSection(ExtensibilityGlobals) = postSolution
		SolutionGuid = {BDD11A16-78F1-429F-92E4-DBB3DA806CFA}
	EndGlobalSection
EndGlobal
