
Microsoft Visual Studio Solution File, Format Version 12.00
# Visual Studio Version 17
VisualStudioVersion = 17.7.34003.232
MinimumVisualStudioVersion = 10.0.40219.1
Project("{FAE04EC0-301F-11D3-BF4B-00C04F79EFBC}") = "Dice", "Dice\Dice.csproj", "{C8370700-B0CA-4710-98A4-505C4F39019B}"
EndProject
Global
	GlobalSection(SolutionConfigurationPlatforms) = preSolution
		Debug|Any CPU = Debug|Any CPU
		Release|Any CPU = Release|Any CPU
	EndGlobalSection
	GlobalSection(ProjectConfigurationPlatforms) = postSolution
		{C8370700-B0CA-4710-98A4-505C4F39019B}.Debug|Any CPU.ActiveCfg = Debug|Any CPU
		{C8370700-B0CA-4710-98A4-505C4F39019B}.Debug|Any CPU.Build.0 = Debug|Any CPU
		{C8370700-B0CA-4710-98A4-505C4F39019B}.Release|Any CPU.ActiveCfg = Release|Any CPU
		{C8370700-B0CA-4710-98A4-505C4F39019B}.Release|Any CPU.Build.0 = Release|Any CPU
	EndGlobalSection
	GlobalSection(SolutionProperties) = preSolution
		HideSolutionNode = FALSE
	EndGlobalSection
	GlobalSection(ExtensibilityGlobals) = postSolution
		SolutionGuid = {991EF3AD-A0DC-469D-AE95-D1D2F212EA71}
	EndGlobalSection
EndGlobal
