
Microsoft Visual Studio Solution File, Format Version 12.00
# Visual Studio Version 17
VisualStudioVersion = 17.7.34003.232
MinimumVisualStudioVersion = 10.0.40219.1
Project("{FAE04EC0-301F-11D3-BF4B-00C04F79EFBC}") = "Lottery", "Lottery\Lottery.csproj", "{BF89258F-9181-47A5-B131-4154BA8FD0D5}"
EndProject
Global
	GlobalSection(SolutionConfigurationPlatforms) = preSolution
		Debug|Any CPU = Debug|Any CPU
		Release|Any CPU = Release|Any CPU
	EndGlobalSection
	GlobalSection(ProjectConfigurationPlatforms) = postSolution
		{BF89258F-9181-47A5-B131-4154BA8FD0D5}.Debug|Any CPU.ActiveCfg = Debug|Any CPU
		{BF89258F-9181-47A5-B131-4154BA8FD0D5}.Debug|Any CPU.Build.0 = Debug|Any CPU
		{BF89258F-9181-47A5-B131-4154BA8FD0D5}.Release|Any CPU.ActiveCfg = Release|Any CPU
		{BF89258F-9181-47A5-B131-4154BA8FD0D5}.Release|Any CPU.Build.0 = Release|Any CPU
	EndGlobalSection
	GlobalSection(SolutionProperties) = preSolution
		HideSolutionNode = FALSE
	EndGlobalSection
	GlobalSection(ExtensibilityGlobals) = postSolution
		SolutionGuid = {63173D7E-F416-4CBE-8EF6-59E74C5240CE}
	EndGlobalSection
EndGlobal
